
Microsoft Visual Studio Solution File, Format Version 12.00
# Visual Studio Version 17
VisualStudioVersion = 17.3.32811.315
MinimumVisualStudioVersion = 10.0.40219.1
Project("{9A19103F-16F7-4668-BE54-9A1E7A4F7556}") = "lab4", "lab4\lab4.csproj", "{1117EF89-581F-40E6-B1E9-121E5E4CE297}"
EndProject
Project("{2150E333-8FDC-42A3-9474-1A3956D46DE8}") = "Solution Items", "Solution Items", "{BE77396B-4617-4CED-9A93-D26F35CED433}"
	ProjectSection(SolutionItems) = preProject
		.editorconfig = .editorconfig
	EndProjectSection
EndProject
Global
	GlobalSection(SolutionConfigurationPlatforms) = preSolution
		Debug|Any CPU = Debug|Any CPU
		Release|Any CPU = Release|Any CPU
	EndGlobalSection
	GlobalSection(ProjectConfigurationPlatforms) = postSolution
		{1117EF89-581F-40E6-B1E9-121E5E4CE297}.Debug|Any CPU.ActiveCfg = Debug|Any CPU
		{1117EF89-581F-40E6-B1E9-121E5E4CE297}.Debug|Any CPU.Build.0 = Debug|Any CPU
		{1117EF89-581F-40E6-B1E9-121E5E4CE297}.Release|Any CPU.ActiveCfg = Release|Any CPU
		{1117EF89-581F-40E6-B1E9-121E5E4CE297}.Release|Any CPU.Build.0 = Release|Any CPU
	EndGlobalSection
	GlobalSection(SolutionProperties) = preSolution
		HideSolutionNode = FALSE
	EndGlobalSection
	GlobalSection(ExtensibilityGlobals) = postSolution
		SolutionGuid = {9C6EEEF4-3F7D-4E17-BED8-0FFB18867AFC}
	EndGlobalSection
EndGlobal
